
Microsoft Visual Studio Solution File, Format Version 12.00
# Visual Studio Version 16
VisualStudioVersion = 16.0.30717.126
MinimumVisualStudioVersion = 10.0.40219.1
Project("{FAE04EC0-301F-11D3-BF4B-00C04F79EFBC}") = "Users", "Users\Users.csproj", "{05BE994E-1396-46CF-B87E-F2DF1191135B}"
EndProject
Global
	GlobalSection(SolutionConfigurationPlatforms) = preSolution
		Debug|Any CPU = Debug|Any CPU
		Release|Any CPU = Release|Any CPU
	EndGlobalSection
	GlobalSection(ProjectConfigurationPlatforms) = postSolution
		{05BE994E-1396-46CF-B87E-F2DF1191135B}.Debug|Any CPU.ActiveCfg = Debug|Any CPU
		{05BE994E-1396-46CF-B87E-F2DF1191135B}.Debug|Any CPU.Build.0 = Debug|Any CPU
		{05BE994E-1396-46CF-B87E-F2DF1191135B}.Release|Any CPU.ActiveCfg = Release|Any CPU
		{05BE994E-1396-46CF-B87E-F2DF1191135B}.Release|Any CPU.Build.0 = Release|Any CPU
	EndGlobalSection
	GlobalSection(SolutionProperties) = preSolution
		HideSolutionNode = FALSE
	EndGlobalSection
	GlobalSection(ExtensibilityGlobals) = postSolution
		SolutionGuid = {36ADF919-534E-4D1A-AC29-57A4E895343E}
	EndGlobalSection
EndGlobal
